
Microsoft Visual Studio Solution File, Format Version 11.00
# Visual Studio 2010
Project("{8BC9CEB8-8B4A-11D0-8D11-00A0C91BC942}") = "Dotfuscator", "main\Dotfuscator.vcxproj", "{A337BFBC-BE7C-4380-A0C1-BE073AC066B0}"
EndProject
Project("{8BC9CEB8-8B4A-11D0-8D11-00A0C91BC942}") = "test", "test\test.vcxproj", "{0095BFF1-7AA8-43B4-96E0-79C9A27DE6B6}"
EndProject
Global
	GlobalSection(SolutionConfigurationPlatforms) = preSolution
		Debug|Win32 = Debug|Win32
		Release|Win32 = Release|Win32
	EndGlobalSection
	GlobalSection(ProjectConfigurationPlatforms) = postSolution
		{A337BFBC-BE7C-4380-A0C1-BE073AC066B0}.Debug|Win32.ActiveCfg = Debug|Win32
		{A337BFBC-BE7C-4380-A0C1-BE073AC066B0}.Debug|Win32.Build.0 = Debug|Win32
		{A337BFBC-BE7C-4380-A0C1-BE073AC066B0}.Release|Win32.ActiveCfg = Release|Win32
		{A337BFBC-BE7C-4380-A0C1-BE073AC066B0}.Release|Win32.Build.0 = Release|Win32
		{0095BFF1-7AA8-43B4-96E0-79C9A27DE6B6}.Debug|Win32.ActiveCfg = Release|Win32
		{0095BFF1-7AA8-43B4-96E0-79C9A27DE6B6}.Debug|Win32.Build.0 = Release|Win32
		{0095BFF1-7AA8-43B4-96E0-79C9A27DE6B6}.Release|Win32.ActiveCfg = Release|Win32
		{0095BFF1-7AA8-43B4-96E0-79C9A27DE6B6}.Release|Win32.Build.0 = Release|Win32
	EndGlobalSection
	GlobalSection(SolutionProperties) = preSolution
		HideSolutionNode = FALSE
	EndGlobalSection
EndGlobal
